
Microsoft Visual Studio Solution File, Format Version 12.00
# Visual Studio 14
VisualStudioVersion = 14.0.25420.1
MinimumVisualStudioVersion = 10.0.40219.1
Project("{FAE04EC0-301F-11D3-BF4B-00C04F79EFBC}") = "Gameboard", "Gameboard\Gameboard.csproj", "{D681D8C3-38A4-4C9D-90DC-E3FA7A39CA59}"
EndProject
Project("{FAE04EC0-301F-11D3-BF4B-00C04F79EFBC}") = "Gameboard.Tests", "Gameboard.Tests\Gameboard.Tests.csproj", "{6AF95DB8-98DB-4185-B1B6-28B7B371E3A5}"
EndProject
Global
	GlobalSection(SolutionConfigurationPlatforms) = preSolution
		Debug|Any CPU = Debug|Any CPU
		Release|Any CPU = Release|Any CPU
	EndGlobalSection
	GlobalSection(ProjectConfigurationPlatforms) = postSolution
		{D681D8C3-38A4-4C9D-90DC-E3FA7A39CA59}.Debug|Any CPU.ActiveCfg = Debug|Any CPU
		{D681D8C3-38A4-4C9D-90DC-E3FA7A39CA59}.Debug|Any CPU.Build.0 = Debug|Any CPU
		{D681D8C3-38A4-4C9D-90DC-E3FA7A39CA59}.Release|Any CPU.ActiveCfg = Release|Any CPU
		{D681D8C3-38A4-4C9D-90DC-E3FA7A39CA59}.Release|Any CPU.Build.0 = Release|Any CPU
		{6AF95DB8-98DB-4185-B1B6-28B7B371E3A5}.Debug|Any CPU.ActiveCfg = Debug|Any CPU
		{6AF95DB8-98DB-4185-B1B6-28B7B371E3A5}.Debug|Any CPU.Build.0 = Debug|Any CPU
		{6AF95DB8-98DB-4185-B1B6-28B7B371E3A5}.Release|Any CPU.ActiveCfg = Release|Any CPU
		{6AF95DB8-98DB-4185-B1B6-28B7B371E3A5}.Release|Any CPU.Build.0 = Release|Any CPU
	EndGlobalSection
	GlobalSection(SolutionProperties) = preSolution
		HideSolutionNode = FALSE
	EndGlobalSection
EndGlobal
